
Microsoft Visual Studio Solution File, Format Version 12.00
# Visual Studio 2017
Project("{FAE04EC0-301F-11D3-BF4B-00C04F79EFBC}") = "prison break", "prison break.csproj", "{F319F9BC-EEE4-DE5A-5BFF-71363FE9EE6E}"
EndProject
Global
	GlobalSection(SolutionConfigurationPlatforms) = preSolution
		Debug|Any CPU = Debug|Any CPU
		Release|Any CPU = Release|Any CPU
	EndGlobalSection
	GlobalSection(ProjectConfigurationPlatforms) = postSolution
		{F319F9BC-EEE4-DE5A-5BFF-71363FE9EE6E}.Debug|Any CPU.ActiveCfg = Debug|Any CPU
		{F319F9BC-EEE4-DE5A-5BFF-71363FE9EE6E}.Debug|Any CPU.Build.0 = Debug|Any CPU
		{F319F9BC-EEE4-DE5A-5BFF-71363FE9EE6E}.Release|Any CPU.ActiveCfg = Release|Any CPU
		{F319F9BC-EEE4-DE5A-5BFF-71363FE9EE6E}.Release|Any CPU.Build.0 = Release|Any CPU
	EndGlobalSection
	GlobalSection(SolutionProperties) = preSolution
		HideSolutionNode = FALSE
	EndGlobalSection
EndGlobal
